
Microsoft Visual Studio Solution File, Format Version 12.00
# Visual Studio Version 16
VisualStudioVersion = 16.0.30804.86
MinimumVisualStudioVersion = 10.0.40219.1
Project("{FAE04EC0-301F-11D3-BF4B-00C04F79EFBC}") = "SpeakRec", "SpeakRec.csproj", "{8DFC6DB8-A352-47E3-8F36-7352838AFDCC}"
EndProject
Global
	GlobalSection(SolutionConfigurationPlatforms) = preSolution
		Debug|Any CPU = Debug|Any CPU
		Release|Any CPU = Release|Any CPU
	EndGlobalSection
	GlobalSection(ProjectConfigurationPlatforms) = postSolution
		{8DFC6DB8-A352-47E3-8F36-7352838AFDCC}.Debug|Any CPU.ActiveCfg = Debug|Any CPU
		{8DFC6DB8-A352-47E3-8F36-7352838AFDCC}.Debug|Any CPU.Build.0 = Debug|Any CPU
		{8DFC6DB8-A352-47E3-8F36-7352838AFDCC}.Release|Any CPU.ActiveCfg = Release|Any CPU
		{8DFC6DB8-A352-47E3-8F36-7352838AFDCC}.Release|Any CPU.Build.0 = Release|Any CPU
	EndGlobalSection
	GlobalSection(SolutionProperties) = preSolution
		HideSolutionNode = FALSE
	EndGlobalSection
	GlobalSection(ExtensibilityGlobals) = postSolution
		SolutionGuid = {00EA2DDB-5749-445E-AE1F-A7525494C3F8}
	EndGlobalSection
EndGlobal
